
Microsoft Visual Studio Solution File, Format Version 10.00
# Visual Studio 2008
Project("{FAE04EC0-301F-11D3-BF4B-00C04F79EFBC}") = "HS.Algorithms", "HS.Algorithms\HS.Algorithms.csproj", "{2A34C305-70C1-4820-93CB-03EA5B5B1BA2}"
EndProject
Project("{FAE04EC0-301F-11D3-BF4B-00C04F79EFBC}") = "HS.Algorithms.Tests", "HS.Algorithms.Tests\HS.Algorithms.Tests.csproj", "{3BFF746F-3BCD-46F6-818F-F86EC2217C68}"
EndProject
Global
	GlobalSection(SolutionConfigurationPlatforms) = preSolution
		Debug|Any CPU = Debug|Any CPU
		Release|Any CPU = Release|Any CPU
	EndGlobalSection
	GlobalSection(ProjectConfigurationPlatforms) = postSolution
		{2A34C305-70C1-4820-93CB-03EA5B5B1BA2}.Debug|Any CPU.ActiveCfg = Debug|Any CPU
		{2A34C305-70C1-4820-93CB-03EA5B5B1BA2}.Debug|Any CPU.Build.0 = Debug|Any CPU
		{2A34C305-70C1-4820-93CB-03EA5B5B1BA2}.Release|Any CPU.ActiveCfg = Release|Any CPU
		{2A34C305-70C1-4820-93CB-03EA5B5B1BA2}.Release|Any CPU.Build.0 = Release|Any CPU
		{3BFF746F-3BCD-46F6-818F-F86EC2217C68}.Debug|Any CPU.ActiveCfg = Debug|Any CPU
		{3BFF746F-3BCD-46F6-818F-F86EC2217C68}.Debug|Any CPU.Build.0 = Debug|Any CPU
		{3BFF746F-3BCD-46F6-818F-F86EC2217C68}.Release|Any CPU.ActiveCfg = Release|Any CPU
		{3BFF746F-3BCD-46F6-818F-F86EC2217C68}.Release|Any CPU.Build.0 = Release|Any CPU
	EndGlobalSection
	GlobalSection(SolutionProperties) = preSolution
		HideSolutionNode = FALSE
	EndGlobalSection
EndGlobal
